
Microsoft Visual Studio Solution File, Format Version 12.00
# Visual Studio 15
VisualStudioVersion = 15.0.28307.539
MinimumVisualStudioVersion = 10.0.40219.1
Project("{FAE04EC0-301F-11D3-BF4B-00C04F79EFBC}") = "DémoConversionByteString", "DémoConversionByteString\DémoConversionByteString.csproj", "{455BF2C1-8A42-4B12-8A27-B049A60E983D}"
EndProject
Global
	GlobalSection(SolutionConfigurationPlatforms) = preSolution
		Debug|Any CPU = Debug|Any CPU
		Release|Any CPU = Release|Any CPU
	EndGlobalSection
	GlobalSection(ProjectConfigurationPlatforms) = postSolution
		{455BF2C1-8A42-4B12-8A27-B049A60E983D}.Debug|Any CPU.ActiveCfg = Debug|Any CPU
		{455BF2C1-8A42-4B12-8A27-B049A60E983D}.Debug|Any CPU.Build.0 = Debug|Any CPU
		{455BF2C1-8A42-4B12-8A27-B049A60E983D}.Release|Any CPU.ActiveCfg = Release|Any CPU
		{455BF2C1-8A42-4B12-8A27-B049A60E983D}.Release|Any CPU.Build.0 = Release|Any CPU
	EndGlobalSection
	GlobalSection(SolutionProperties) = preSolution
		HideSolutionNode = FALSE
	EndGlobalSection
	GlobalSection(ExtensibilityGlobals) = postSolution
		SolutionGuid = {E24A552C-5237-428A-9241-199FEF56F311}
	EndGlobalSection
EndGlobal
